{
  "version": 4,
  "terraform_version": "1.3.6",
  "serial": 214,
  "lineage": "49ba0c12-dc39-ce02-830a-7812e4e01d50",
  "outputs": {},
  "resources": [
    {
      "mode": "data",
      "type": "google_billing_account",
      "name": "account",
      "provider": "provider[\"registry.terraform.io/hashicorp/google\"]",
      "instances": [
        {
          "schema_version": 0,
          "attributes": {
            "billing_account": null,
            "display_name": "Onix - Johns Hopkins BIOS",
            "id": "014359-136C11-7BC7B3",
            "name": "billingAccounts/014359-136C11-7BC7B3",
            "open": true,
            "project_ids": [
              "classificationtutorial1524",
              "classificationtutorial4d65",
              "classificationtutorial6888",
              "ivh-segmentation-demo",
              "jhu-dev-deid-project",
              "jhu-prod-ops-project",
              "model-host",
              "the-field-366815"
            ]
          },
          "sensitive_attributes": []
        }
      ]
    },
    {
      "mode": "managed",
      "type": "google_cloud_run_service",
      "name": "default",
      "provider": "provider[\"registry.terraform.io/hashicorp/google\"]",
      "instances": [
        {
          "schema_version": 1,
          "attributes": {
            "autogenerate_revision_name": false,
            "id": "locations/us-east1/namespaces/classificationtutorial4d65/services/bc-cloudrun",
            "location": "us-east1",
            "metadata": [
              {
                "annotations": {
                  "run.googleapis.com/ingress": "all",
                  "run.googleapis.com/ingress-status": "all",
                  "serving.knative.dev/creator": "kaneels@braininjuryoutcomes.com",
                  "serving.knative.dev/lastModifier": "kaneels@braininjuryoutcomes.com"
                },
                "generation": 1,
                "labels": {
                  "cloud.googleapis.com/location": "us-east1"
                },
                "namespace": "classificationtutorial4d65",
                "resource_version": "AAXvpsbW890",
                "self_link": "/apis/serving.knative.dev/v1/namespaces/924857520237/services/bc-cloudrun",
                "uid": "33c31255-3a63-4578-8e78-7411b5087fb0"
              }
            ],
            "name": "bc-cloudrun",
            "project": "classificationtutorial4d65",
            "status": [
              {
                "conditions": [
                  {
                    "message": "",
                    "reason": "",
                    "status": "True",
                    "type": "Ready"
                  },
                  {
                    "message": "",
                    "reason": "",
                    "status": "True",
                    "type": "ConfigurationsReady"
                  },
                  {
                    "message": "",
                    "reason": "",
                    "status": "True",
                    "type": "RoutesReady"
                  }
                ],
                "latest_created_revision_name": "bc-cloudrun-mfxtv",
                "latest_ready_revision_name": "bc-cloudrun-mfxtv",
                "observed_generation": 1,
                "url": "https://bc-cloudrun-6wazj4qstq-ue.a.run.app"
              }
            ],
            "template": [
              {
                "metadata": [
                  {
                    "annotations": {
                      "autoscaling.knative.dev/maxScale": "100"
                    },
                    "generation": 0,
                    "labels": {},
                    "name": "",
                    "namespace": "",
                    "resource_version": "",
                    "self_link": "",
                    "uid": ""
                  }
                ],
                "spec": [
                  {
                    "container_concurrency": 1,
                    "containers": [
                      {
                        "args": [],
                        "command": [],
                        "env": [],
                        "env_from": [],
                        "image": "gcr.io/classificationtutorial4d65/bc-image:latest",
                        "ports": [
                          {
                            "container_port": 8080,
                            "name": "http1",
                            "protocol": ""
                          }
                        ],
                        "resources": [
                          {
                            "limits": {
                              "cpu": "2.0",
                              "memory": "8000Mi"
                            },
                            "requests": {}
                          }
                        ],
                        "volume_mounts": [],
                        "working_dir": ""
                      }
                    ],
                    "service_account_name": "924857520237-compute@developer.gserviceaccount.com",
                    "serving_state": "",
                    "timeout_seconds": 300,
                    "volumes": []
                  }
                ]
              }
            ],
            "timeouts": null,
            "traffic": [
              {
                "latest_revision": true,
                "percent": 100,
                "revision_name": "",
                "tag": "",
                "url": ""
              }
            ]
          },
          "sensitive_attributes": [],
          "private": "eyJlMmJmYjczMC1lY2FhLTExZTYtOGY4OC0zNDM2M2JjN2M0YzAiOnsiY3JlYXRlIjoxMjAwMDAwMDAwMDAwLCJkZWxldGUiOjEyMDAwMDAwMDAwMDAsInVwZGF0ZSI6MTIwMDAwMDAwMDAwMH0sInNjaGVtYV92ZXJzaW9uIjoiMSJ9",
          "dependencies": [
            "data.google_billing_account.account",
            "google_project.project",
            "google_project_iam_member.project_owner",
            "google_project_service.cloud_build_service",
            "google_project_service.cloud_run_service",
            "null_resource.app_container",
            "random_id.id"
          ]
        }
      ]
    },
    {
      "mode": "managed",
      "type": "google_cloud_run_service_iam_binding",
      "name": "binding",
      "provider": "provider[\"registry.terraform.io/hashicorp/google\"]",
      "instances": [
        {
          "schema_version": 0,
          "attributes": {
            "condition": [],
            "etag": "BwXvpscJajk=",
            "id": "v1/projects/classificationtutorial4d65/locations/us-east1/services/bc-cloudrun/roles/run.invoker",
            "location": "us-east1",
            "members": [
              "serviceAccount:cloud-run-pubsub-invoker@classificationtutorial4d65.iam.gserviceaccount.com"
            ],
            "project": "classificationtutorial4d65",
            "role": "roles/run.invoker",
            "service": "v1/projects/classificationtutorial4d65/locations/us-east1/services/bc-cloudrun"
          },
          "sensitive_attributes": [],
          "private": "bnVsbA==",
          "dependencies": [
            "data.google_billing_account.account",
            "google_cloud_run_service.default",
            "google_project.project",
            "google_project_iam_member.project_owner",
            "google_project_service.cloud_build_service",
            "google_project_service.cloud_run_service",
            "google_pubsub_topic.default",
            "google_service_account.sa",
            "null_resource.app_container",
            "random_id.id"
          ]
        }
      ]
    },
    {
      "mode": "managed",
      "type": "google_project",
      "name": "project",
      "provider": "provider[\"registry.terraform.io/hashicorp/google\"]",
      "instances": [
        {
          "schema_version": 1,
          "attributes": {
            "auto_create_network": true,
            "billing_account": "014359-136C11-7BC7B3",
            "folder_id": "",
            "id": "projects/classificationtutorial4d65",
            "labels": {},
            "name": "classificationtutorial4d65",
            "number": "924857520237",
            "org_id": "112798711769",
            "project_id": "classificationtutorial4d65",
            "skip_delete": null,
            "timeouts": null
          },
          "sensitive_attributes": [],
          "private": "eyJlMmJmYjczMC1lY2FhLTExZTYtOGY4OC0zNDM2M2JjN2M0YzAiOnsiY3JlYXRlIjo2MDAwMDAwMDAwMDAsImRlbGV0ZSI6NjAwMDAwMDAwMDAwLCJyZWFkIjo2MDAwMDAwMDAwMDAsInVwZGF0ZSI6NjAwMDAwMDAwMDAwfSwic2NoZW1hX3ZlcnNpb24iOiIxIn0=",
          "dependencies": [
            "data.google_billing_account.account",
            "random_id.id"
          ]
        }
      ]
    },
    {
      "mode": "managed",
      "type": "google_project_iam_member",
      "name": "project_owner",
      "provider": "provider[\"registry.terraform.io/hashicorp/google\"]",
      "instances": [
        {
          "schema_version": 0,
          "attributes": {
            "condition": [],
            "etag": "BwXvpoo0RxE=",
            "id": "classificationtutorial4d65/roles/owner/user:kaneels@braininjuryoutcomes.com",
            "member": "user:kaneels@braininjuryoutcomes.com",
            "project": "classificationtutorial4d65",
            "role": "roles/owner"
          },
          "sensitive_attributes": [],
          "private": "bnVsbA==",
          "dependencies": [
            "data.google_billing_account.account",
            "google_project.project",
            "random_id.id"
          ]
        }
      ]
    },
    {
      "mode": "managed",
      "type": "google_project_service",
      "name": "cloud_build_service",
      "provider": "provider[\"registry.terraform.io/hashicorp/google\"]",
      "instances": [
        {
          "schema_version": 0,
          "attributes": {
            "disable_dependent_services": true,
            "disable_on_destroy": true,
            "id": "classificationtutorial4d65/cloudbuild.googleapis.com",
            "project": "classificationtutorial4d65",
            "service": "cloudbuild.googleapis.com",
            "timeouts": null
          },
          "sensitive_attributes": [],
          "private": "eyJlMmJmYjczMC1lY2FhLTExZTYtOGY4OC0zNDM2M2JjN2M0YzAiOnsiY3JlYXRlIjoxMjAwMDAwMDAwMDAwLCJkZWxldGUiOjEyMDAwMDAwMDAwMDAsInJlYWQiOjYwMDAwMDAwMDAwMCwidXBkYXRlIjoxMjAwMDAwMDAwMDAwfX0=",
          "dependencies": [
            "data.google_billing_account.account",
            "google_project.project",
            "google_project_iam_member.project_owner",
            "random_id.id"
          ]
        }
      ]
    },
    {
      "mode": "managed",
      "type": "google_project_service",
      "name": "cloud_run_service",
      "provider": "provider[\"registry.terraform.io/hashicorp/google\"]",
      "instances": [
        {
          "schema_version": 0,
          "attributes": {
            "disable_dependent_services": true,
            "disable_on_destroy": true,
            "id": "classificationtutorial4d65/run.googleapis.com",
            "project": "classificationtutorial4d65",
            "service": "run.googleapis.com",
            "timeouts": null
          },
          "sensitive_attributes": [],
          "private": "eyJlMmJmYjczMC1lY2FhLTExZTYtOGY4OC0zNDM2M2JjN2M0YzAiOnsiY3JlYXRlIjoxMjAwMDAwMDAwMDAwLCJkZWxldGUiOjEyMDAwMDAwMDAwMDAsInJlYWQiOjYwMDAwMDAwMDAwMCwidXBkYXRlIjoxMjAwMDAwMDAwMDAwfX0=",
          "dependencies": [
            "data.google_billing_account.account",
            "google_project.project",
            "random_id.id"
          ]
        }
      ]
    },
    {
      "mode": "managed",
      "type": "google_pubsub_topic",
      "name": "default",
      "provider": "provider[\"registry.terraform.io/hashicorp/google\"]",
      "instances": [
        {
          "schema_version": 0,
          "attributes": {
            "id": "projects/classificationtutorial4d65/topics/bc-pubsub",
            "kms_key_name": "",
            "labels": {},
            "message_retention_duration": "",
            "message_storage_policy": [],
            "name": "bc-pubsub",
            "project": "classificationtutorial4d65",
            "schema_settings": [],
            "timeouts": null
          },
          "sensitive_attributes": [],
          "private": "eyJlMmJmYjczMC1lY2FhLTExZTYtOGY4OC0zNDM2M2JjN2M0YzAiOnsiY3JlYXRlIjoxMjAwMDAwMDAwMDAwLCJkZWxldGUiOjEyMDAwMDAwMDAwMDAsInVwZGF0ZSI6MTIwMDAwMDAwMDAwMH19",
          "dependencies": [
            "data.google_billing_account.account",
            "google_project.project",
            "google_project_iam_member.project_owner",
            "random_id.id"
          ]
        }
      ]
    },
    {
      "mode": "managed",
      "type": "google_service_account",
      "name": "sa",
      "provider": "provider[\"registry.terraform.io/hashicorp/google\"]",
      "instances": [
        {
          "schema_version": 0,
          "attributes": {
            "account_id": "cloud-run-pubsub-invoker",
            "description": "",
            "disabled": false,
            "display_name": "Cloud Run Pub/Sub Invoker",
            "email": "cloud-run-pubsub-invoker@classificationtutorial4d65.iam.gserviceaccount.com",
            "id": "projects/classificationtutorial4d65/serviceAccounts/cloud-run-pubsub-invoker@classificationtutorial4d65.iam.gserviceaccount.com",
            "member": "serviceAccount:cloud-run-pubsub-invoker@classificationtutorial4d65.iam.gserviceaccount.com",
            "name": "projects/classificationtutorial4d65/serviceAccounts/cloud-run-pubsub-invoker@classificationtutorial4d65.iam.gserviceaccount.com",
            "project": "classificationtutorial4d65",
            "timeouts": null,
            "unique_id": "104548182045835176622"
          },
          "sensitive_attributes": [],
          "private": "eyJlMmJmYjczMC1lY2FhLTExZTYtOGY4OC0zNDM2M2JjN2M0YzAiOnsiY3JlYXRlIjozMDAwMDAwMDAwMDB9fQ==",
          "dependencies": [
            "data.google_billing_account.account",
            "google_project.project",
            "google_project_iam_member.project_owner",
            "google_project_service.cloud_run_service",
            "random_id.id"
          ]
        }
      ]
    },
    {
      "mode": "managed",
      "type": "null_resource",
      "name": "app_container",
      "provider": "provider[\"registry.terraform.io/hashicorp/null\"]",
      "instances": [
        {
          "schema_version": 0,
          "attributes": {
            "id": "6774561218147368762",
            "triggers": null
          },
          "sensitive_attributes": [],
          "dependencies": [
            "data.google_billing_account.account",
            "google_project.project",
            "google_project_iam_member.project_owner",
            "google_project_service.cloud_build_service",
            "random_id.id"
          ]
        }
      ]
    },
    {
      "mode": "managed",
      "type": "random_id",
      "name": "id",
      "provider": "provider[\"registry.terraform.io/hashicorp/random\"]",
      "instances": [
        {
          "schema_version": 0,
          "attributes": {
            "b64_std": "TWU=",
            "b64_url": "TWU",
            "byte_length": 2,
            "dec": "19813",
            "hex": "4d65",
            "id": "TWU",
            "keepers": null,
            "prefix": null
          },
          "sensitive_attributes": []
        }
      ]
    }
  ],
  "check_results": null
}
